
Microsoft Visual Studio Solution File, Format Version 12.00
# Visual Studio 15
VisualStudioVersion = 15.0.27130.2027
MinimumVisualStudioVersion = 10.0.40219.1
Project("{8BC9CEB8-8B4A-11D0-8D11-00A0C91BC942}") = "prog3", "prog3\prog3.vcxproj", "{9DDC34B1-63A6-4F06-8119-B2ED2B4B7657}"
EndProject
Global
	GlobalSection(SolutionConfigurationPlatforms) = preSolution
		Debug|x64 = Debug|x64
		Debug|x86 = Debug|x86
		Release|x64 = Release|x64
		Release|x86 = Release|x86
	EndGlobalSection
	GlobalSection(ProjectConfigurationPlatforms) = postSolution
		{9DDC34B1-63A6-4F06-8119-B2ED2B4B7657}.Debug|x64.ActiveCfg = Debug|x64
		{9DDC34B1-63A6-4F06-8119-B2ED2B4B7657}.Debug|x64.Build.0 = Debug|x64
		{9DDC34B1-63A6-4F06-8119-B2ED2B4B7657}.Debug|x86.ActiveCfg = Debug|Win32
		{9DDC34B1-63A6-4F06-8119-B2ED2B4B7657}.Debug|x86.Build.0 = Debug|Win32
		{9DDC34B1-63A6-4F06-8119-B2ED2B4B7657}.Release|x64.ActiveCfg = Release|x64
		{9DDC34B1-63A6-4F06-8119-B2ED2B4B7657}.Release|x64.Build.0 = Release|x64
		{9DDC34B1-63A6-4F06-8119-B2ED2B4B7657}.Release|x86.ActiveCfg = Release|Win32
		{9DDC34B1-63A6-4F06-8119-B2ED2B4B7657}.Release|x86.Build.0 = Release|Win32
	EndGlobalSection
	GlobalSection(SolutionProperties) = preSolution
		HideSolutionNode = FALSE
	EndGlobalSection
	GlobalSection(ExtensibilityGlobals) = postSolution
		SolutionGuid = {983BA61B-0645-482E-BCDA-C3F2562C6661}
	EndGlobalSection
EndGlobal
